// !$*UTF8*$!
{
	archiveVersion = 1;
	classes = {
	};
	objectVersion = 46;
	objects = {

/* Begin PBXBuildFile section */
		5D3FC3A31B8125E4005CDE76 /* AppDelegate.swift in Sources */ = {isa = PBXBuildFile; fileRef = 5D3FC3A21B8125E4005CDE76 /* AppDelegate.swift */; };
		5D3FC3A61B8125E4005CDE76 /* Nummy_Bus.xcdatamodeld in Sources */ = {isa = PBXBuildFile; fileRef = 5D3FC3A41B8125E4005CDE76 /* Nummy_Bus.xcdatamodeld */; };
		5D3FC3A81B8125E4005CDE76 /* ViewController.swift in Sources */ = {isa = PBXBuildFile; fileRef = 5D3FC3A71B8125E4005CDE76 /* ViewController.swift */; };
		5D3FC3AB1B8125E4005CDE76 /* Main.storyboard in Resources */ = {isa = PBXBuildFile; fileRef = 5D3FC3A91B8125E4005CDE76 /* Main.storyboard */; };
		5D3FC3AD1B8125E4005CDE76 /* Images.xcassets in Resources */ = {isa = PBXBuildFile; fileRef = 5D3FC3AC1B8125E4005CDE76 /* Images.xcassets */; };
		5D3FC3B01B8125E4005CDE76 /* LaunchScreen.xib in Resources */ = {isa = PBXBuildFile; fileRef = 5D3FC3AE1B8125E4005CDE76 /* LaunchScreen.xib */; };
		5D3FC3BC1B8125E5005CDE76 /* Nummy_BusTests.swift in Sources */ = {isa = PBXBuildFile; fileRef = 5D3FC3BB1B8125E5005CDE76 /* Nummy_BusTests.swift */; };
		5D8EB9481B8D625500C717DD /* AsyncButton.swift in Sources */ = {isa = PBXBuildFile; fileRef = 5D8EB9291B8D625500C717DD /* AsyncButton.swift */; };
		5D8EB9491B8D625500C717DD /* AsyncImageView.swift in Sources */ = {isa = PBXBuildFile; fileRef = 5D8EB92A1B8D625500C717DD /* AsyncImageView.swift */; };
		5D8EB94A1B8D625500C717DD /* AutoTextView.swift in Sources */ = {isa = PBXBuildFile; fileRef = 5D8EB92B1B8D625500C717DD /* AutoTextView.swift */; };
		5D8EB94B1B8D625500C717DD /* BlurView.swift in Sources */ = {isa = PBXBuildFile; fileRef = 5D8EB92C1B8D625500C717DD /* BlurView.swift */; };
		5D8EB94C1B8D625500C717DD /* DesignableButton.swift in Sources */ = {isa = PBXBuildFile; fileRef = 5D8EB92D1B8D625500C717DD /* DesignableButton.swift */; };
		5D8EB94D1B8D625500C717DD /* DesignableImageView.swift in Sources */ = {isa = PBXBuildFile; fileRef = 5D8EB92E1B8D625500C717DD /* DesignableImageView.swift */; };
		5D8EB94E1B8D625500C717DD /* DesignableLabel.swift in Sources */ = {isa = PBXBuildFile; fileRef = 5D8EB92F1B8D625500C717DD /* DesignableLabel.swift */; };
		5D8EB94F1B8D625500C717DD /* DesignableTabBarController.swift in Sources */ = {isa = PBXBuildFile; fileRef = 5D8EB9301B8D625500C717DD /* DesignableTabBarController.swift */; };
		5D8EB9501B8D625500C717DD /* DesignableTextField.swift in Sources */ = {isa = PBXBuildFile; fileRef = 5D8EB9311B8D625500C717DD /* DesignableTextField.swift */; };
		5D8EB9511B8D625500C717DD /* DesignableTextView.swift in Sources */ = {isa = PBXBuildFile; fileRef = 5D8EB9321B8D625500C717DD /* DesignableTextView.swift */; };
		5D8EB9521B8D625500C717DD /* DesignableView.swift in Sources */ = {isa = PBXBuildFile; fileRef = 5D8EB9331B8D625500C717DD /* DesignableView.swift */; };
		5D8EB9531B8D625500C717DD /* ImageLoader.swift in Sources */ = {isa = PBXBuildFile; fileRef = 5D8EB9341B8D625500C717DD /* ImageLoader.swift */; };
		5D8EB9541B8D625500C717DD /* Info.plist in Resources */ = {isa = PBXBuildFile; fileRef = 5D8EB9351B8D625500C717DD /* Info.plist */; };
		5D8EB9551B8D625500C717DD /* KeyboardLayoutConstraint.swift in Sources */ = {isa = PBXBuildFile; fileRef = 5D8EB9361B8D625500C717DD /* KeyboardLayoutConstraint.swift */; };
		5D8EB9561B8D625500C717DD /* LoadingView.swift in Sources */ = {isa = PBXBuildFile; fileRef = 5D8EB9371B8D625500C717DD /* LoadingView.swift */; };
		5D8EB9571B8D625500C717DD /* LoadingView.xib in Resources */ = {isa = PBXBuildFile; fileRef = 5D8EB9381B8D625500C717DD /* LoadingView.xib */; };
		5D8EB9581B8D625500C717DD /* Misc.swift in Sources */ = {isa = PBXBuildFile; fileRef = 5D8EB9391B8D625500C717DD /* Misc.swift */; };
		5D8EB9591B8D625500C717DD /* SoundPlayer.swift in Sources */ = {isa = PBXBuildFile; fileRef = 5D8EB93A1B8D625500C717DD /* SoundPlayer.swift */; };
		5D8EB95A1B8D625500C717DD /* Spring.swift in Sources */ = {isa = PBXBuildFile; fileRef = 5D8EB93C1B8D625500C717DD /* Spring.swift */; };
		5D8EB95B1B8D625500C717DD /* SpringAnimation.swift in Sources */ = {isa = PBXBuildFile; fileRef = 5D8EB93D1B8D625500C717DD /* SpringAnimation.swift */; };
		5D8EB95C1B8D625500C717DD /* SpringButton.swift in Sources */ = {isa = PBXBuildFile; fileRef = 5D8EB93E1B8D625500C717DD /* SpringButton.swift */; };
		5D8EB95D1B8D625500C717DD /* SpringImageView.swift in Sources */ = {isa = PBXBuildFile; fileRef = 5D8EB93F1B8D625500C717DD /* SpringImageView.swift */; };
		5D8EB95E1B8D625500C717DD /* SpringLabel.swift in Sources */ = {isa = PBXBuildFile; fileRef = 5D8EB9401B8D625500C717DD /* SpringLabel.swift */; };
		5D8EB95F1B8D625500C717DD /* SpringTextField.swift in Sources */ = {isa = PBXBuildFile; fileRef = 5D8EB9411B8D625500C717DD /* SpringTextField.swift */; };
		5D8EB9601B8D625500C717DD /* SpringTextView.swift in Sources */ = {isa = PBXBuildFile; fileRef = 5D8EB9421B8D625500C717DD /* SpringTextView.swift */; };
		5D8EB9611B8D625500C717DD /* SpringView.swift in Sources */ = {isa = PBXBuildFile; fileRef = 5D8EB9431B8D625500C717DD /* SpringView.swift */; };
		5D8EB9621B8D625500C717DD /* SwiftyJSON.swift in Sources */ = {isa = PBXBuildFile; fileRef = 5D8EB9441B8D625500C717DD /* SwiftyJSON.swift */; };
		5D8EB9631B8D625500C717DD /* TransitionManager.swift in Sources */ = {isa = PBXBuildFile; fileRef = 5D8EB9451B8D625500C717DD /* TransitionManager.swift */; };
		5D8EB9641B8D625500C717DD /* TransitionZoom.swift in Sources */ = {isa = PBXBuildFile; fileRef = 5D8EB9461B8D625500C717DD /* TransitionZoom.swift */; };
		5D8EB9651B8D625500C717DD /* UnwindSegue.swift in Sources */ = {isa = PBXBuildFile; fileRef = 5D8EB9471B8D625500C717DD /* UnwindSegue.swift */; };
		CA0F3F451BA1DFF40038E6BF /* FullImageViewController.swift in Sources */ = {isa = PBXBuildFile; fileRef = CA0F3F441BA1DFF40038E6BF /* FullImageViewController.swift */; };
		CA0F3F481BA1E4800038E6BF /* Login.storyboard in Resources */ = {isa = PBXBuildFile; fileRef = CA0F3F471BA1E4800038E6BF /* Login.storyboard */; };
		CA0F3F4A1BA1F4090038E6BF /* LoginViewController.swift in Sources */ = {isa = PBXBuildFile; fileRef = CA0F3F491BA1F4090038E6BF /* LoginViewController.swift */; };
		CA0F3F4E1BA2B5620038E6BF /* 15a.jpg in Resources */ = {isa = PBXBuildFile; fileRef = CA0F3F4D1BA2B5620038E6BF /* 15a.jpg */; };
		CA0F3F521BA331710038E6BF /* add_green_52px.png in Resources */ = {isa = PBXBuildFile; fileRef = CA0F3F4F1BA331710038E6BF /* add_green_52px.png */; };
		CA0F3F531BA331710038E6BF /* back_green_52px.png in Resources */ = {isa = PBXBuildFile; fileRef = CA0F3F501BA331710038E6BF /* back_green_52px.png */; };
		CA0F3F541BA331710038E6BF /* chef_green_52px.png in Resources */ = {isa = PBXBuildFile; fileRef = CA0F3F511BA331710038E6BF /* chef_green_52px.png */; };
		CA0F3F561BA339210038E6BF /* Add to Menu.png in Resources */ = {isa = PBXBuildFile; fileRef = CA0F3F551BA339210038E6BF /* Add to Menu.png */; };
		CA0F3F5A1BA33D2D0038E6BF /* Dish.swift in Sources */ = {isa = PBXBuildFile; fileRef = CA0F3F591BA33D2D0038E6BF /* Dish.swift */; };
		CA5D06291B9BF418002D94FC /* Photo.storyboard in Resources */ = {isa = PBXBuildFile; fileRef = CA5D06281B9BF418002D94FC /* Photo.storyboard */; };
		CA5D062D1B9BF480002D94FC /* Photo.swift in Sources */ = {isa = PBXBuildFile; fileRef = CA5D062C1B9BF480002D94FC /* Photo.swift */; };
		CA5D062F1B9BF4B5002D94FC /* PhotoViewController.swift in Sources */ = {isa = PBXBuildFile; fileRef = CA5D062E1B9BF4B5002D94FC /* PhotoViewController.swift */; };
		CA5D06311B9BF4E0002D94FC /* Photos.framework in Frameworks */ = {isa = PBXBuildFile; fileRef = CA5D06301B9BF4E0002D94FC /* Photos.framework */; };
		CA5D06331B9BF531002D94FC /* PhotoCell.swift in Sources */ = {isa = PBXBuildFile; fileRef = CA5D06321B9BF531002D94FC /* PhotoCell.swift */; };
		CA5D06351B9BF562002D94FC /* AddPhotoCell.swift in Sources */ = {isa = PBXBuildFile; fileRef = CA5D06341B9BF562002D94FC /* AddPhotoCell.swift */; };
		CA7CE0E01B9DF5100082742A /* add.png in Resources */ = {isa = PBXBuildFile; fileRef = CA7CE0DF1B9DF5100082742A /* add.png */; };
		CA7CE0E21B9DF61F0082742A /* FoodImage.jpg in Resources */ = {isa = PBXBuildFile; fileRef = CA7CE0E11B9DF61F0082742A /* FoodImage.jpg */; };
/* End PBXBuildFile section */

/* Begin PBXContainerItemProxy section */
		5D3FC3B61B8125E5005CDE76 /* PBXContainerItemProxy */ = {
			isa = PBXContainerItemProxy;
			containerPortal = 5D3FC3951B8125E4005CDE76 /* Project object */;
			proxyType = 1;
			remoteGlobalIDString = 5D3FC39C1B8125E4005CDE76;
			remoteInfo = Nummy_Bus;
		};
/* End PBXContainerItemProxy section */

/* Begin PBXFileReference section */
		5D3FC39D1B8125E4005CDE76 /* Nummy_Bus.app */ = {isa = PBXFileReference; explicitFileType = wrapper.application; includeInIndex = 0; path = Nummy_Bus.app; sourceTree = BUILT_PRODUCTS_DIR; };
		5D3FC3A11B8125E4005CDE76 /* Info.plist */ = {isa = PBXFileReference; lastKnownFileType = text.plist.xml; path = Info.plist; sourceTree = "<group>"; };
		5D3FC3A21B8125E4005CDE76 /* AppDelegate.swift */ = {isa = PBXFileReference; lastKnownFileType = sourcecode.swift; path = AppDelegate.swift; sourceTree = "<group>"; };
		5D3FC3A51B8125E4005CDE76 /* Nummy_Bus.xcdatamodel */ = {isa = PBXFileReference; lastKnownFileType = wrapper.xcdatamodel; path = Nummy_Bus.xcdatamodel; sourceTree = "<group>"; };
		5D3FC3A71B8125E4005CDE76 /* ViewController.swift */ = {isa = PBXFileReference; lastKnownFileType = sourcecode.swift; path = ViewController.swift; sourceTree = "<group>"; };
		5D3FC3AA1B8125E4005CDE76 /* Base */ = {isa = PBXFileReference; lastKnownFileType = file.storyboard; name = Base; path = Base.lproj/Main.storyboard; sourceTree = "<group>"; };
		5D3FC3AC1B8125E4005CDE76 /* Images.xcassets */ = {isa = PBXFileReference; lastKnownFileType = folder.assetcatalog; path = Images.xcassets; sourceTree = "<group>"; };
		5D3FC3AF1B8125E4005CDE76 /* Base */ = {isa = PBXFileReference; lastKnownFileType = file.xib; name = Base; path = Base.lproj/LaunchScreen.xib; sourceTree = "<group>"; };
		5D3FC3B51B8125E5005CDE76 /* Nummy_BusTests.xctest */ = {isa = PBXFileReference; explicitFileType = wrapper.cfbundle; includeInIndex = 0; path = Nummy_BusTests.xctest; sourceTree = BUILT_PRODUCTS_DIR; };
		5D3FC3BA1B8125E5005CDE76 /* Info.plist */ = {isa = PBXFileReference; lastKnownFileType = text.plist.xml; path = Info.plist; sourceTree = "<group>"; };
		5D3FC3BB1B8125E5005CDE76 /* Nummy_BusTests.swift */ = {isa = PBXFileReference; lastKnownFileType = sourcecode.swift; path = Nummy_BusTests.swift; sourceTree = "<group>"; };
		5D8EB9291B8D625500C717DD /* AsyncButton.swift */ = {isa = PBXFileReference; fileEncoding = 4; lastKnownFileType = sourcecode.swift; path = AsyncButton.swift; sourceTree = "<group>"; };
		5D8EB92A1B8D625500C717DD /* AsyncImageView.swift */ = {isa = PBXFileReference; fileEncoding = 4; lastKnownFileType = sourcecode.swift; path = AsyncImageView.swift; sourceTree = "<group>"; };
		5D8EB92B1B8D625500C717DD /* AutoTextView.swift */ = {isa = PBXFileReference; fileEncoding = 4; lastKnownFileType = sourcecode.swift; path = AutoTextView.swift; sourceTree = "<group>"; };
		5D8EB92C1B8D625500C717DD /* BlurView.swift */ = {isa = PBXFileReference; fileEncoding = 4; lastKnownFileType = sourcecode.swift; path = BlurView.swift; sourceTree = "<group>"; };
		5D8EB92D1B8D625500C717DD /* DesignableButton.swift */ = {isa = PBXFileReference; fileEncoding = 4; lastKnownFileType = sourcecode.swift; path = DesignableButton.swift; sourceTree = "<group>"; };
		5D8EB92E1B8D625500C717DD /* DesignableImageView.swift */ = {isa = PBXFileReference; fileEncoding = 4; lastKnownFileType = sourcecode.swift; path = DesignableImageView.swift; sourceTree = "<group>"; };
		5D8EB92F1B8D625500C717DD /* DesignableLabel.swift */ = {isa = PBXFileReference; fileEncoding = 4; lastKnownFileType = sourcecode.swift; path = DesignableLabel.swift; sourceTree = "<group>"; };
		5D8EB9301B8D625500C717DD /* DesignableTabBarController.swift */ = {isa = PBXFileReference; fileEncoding = 4; lastKnownFileType = sourcecode.swift; path = DesignableTabBarController.swift; sourceTree = "<group>"; };
		5D8EB9311B8D625500C717DD /* DesignableTextField.swift */ = {isa = PBXFileReference; fileEncoding = 4; lastKnownFileType = sourcecode.swift; path = DesignableTextField.swift; sourceTree = "<group>"; };
		5D8EB9321B8D625500C717DD /* DesignableTextView.swift */ = {isa = PBXFileReference; fileEncoding = 4; lastKnownFileType = sourcecode.swift; path = DesignableTextView.swift; sourceTree = "<group>"; };
		5D8EB9331B8D625500C717DD /* DesignableView.swift */ = {isa = PBXFileReference; fileEncoding = 4; lastKnownFileType = sourcecode.swift; path = DesignableView.swift; sourceTree = "<group>"; };
		5D8EB9341B8D625500C717DD /* ImageLoader.swift */ = {isa = PBXFileReference; fileEncoding = 4; lastKnownFileType = sourcecode.swift; path = ImageLoader.swift; sourceTree = "<group>"; };
		5D8EB9351B8D625500C717DD /* Info.plist */ = {isa = PBXFileReference; fileEncoding = 4; lastKnownFileType = text.plist.xml; path = Info.plist; sourceTree = "<group>"; };
		5D8EB9361B8D625500C717DD /* KeyboardLayoutConstraint.swift */ = {isa = PBXFileReference; fileEncoding = 4; lastKnownFileType = sourcecode.swift; path = KeyboardLayoutConstraint.swift; sourceTree = "<group>"; };
		5D8EB9371B8D625500C717DD /* LoadingView.swift */ = {isa = PBXFileReference; fileEncoding = 4; lastKnownFileType = sourcecode.swift; path = LoadingView.swift; sourceTree = "<group>"; };
		5D8EB9381B8D625500C717DD /* LoadingView.xib */ = {isa = PBXFileReference; fileEncoding = 4; lastKnownFileType = file.xib; path = LoadingView.xib; sourceTree = "<group>"; };
		5D8EB9391B8D625500C717DD /* Misc.swift */ = {isa = PBXFileReference; fileEncoding = 4; lastKnownFileType = sourcecode.swift; path = Misc.swift; sourceTree = "<group>"; };
		5D8EB93A1B8D625500C717DD /* SoundPlayer.swift */ = {isa = PBXFileReference; fileEncoding = 4; lastKnownFileType = sourcecode.swift; path = SoundPlayer.swift; sourceTree = "<group>"; };
		5D8EB93B1B8D625500C717DD /* Spring.h */ = {isa = PBXFileReference; fileEncoding = 4; lastKnownFileType = sourcecode.c.h; path = Spring.h; sourceTree = "<group>"; };
		5D8EB93C1B8D625500C717DD /* Spring.swift */ = {isa = PBXFileReference; fileEncoding = 4; lastKnownFileType = sourcecode.swift; path = Spring.swift; sourceTree = "<group>"; };
		5D8EB93D1B8D625500C717DD /* SpringAnimation.swift */ = {isa = PBXFileReference; fileEncoding = 4; lastKnownFileType = sourcecode.swift; path = SpringAnimation.swift; sourceTree = "<group>"; };
		5D8EB93E1B8D625500C717DD /* SpringButton.swift */ = {isa = PBXFileReference; fileEncoding = 4; lastKnownFileType = sourcecode.swift; path = SpringButton.swift; sourceTree = "<group>"; };
		5D8EB93F1B8D625500C717DD /* SpringImageView.swift */ = {isa = PBXFileReference; fileEncoding = 4; lastKnownFileType = sourcecode.swift; path = SpringImageView.swift; sourceTree = "<group>"; };
		5D8EB9401B8D625500C717DD /* SpringLabel.swift */ = {isa = PBXFileReference; fileEncoding = 4; lastKnownFileType = sourcecode.swift; path = SpringLabel.swift; sourceTree = "<group>"; };
		5D8EB9411B8D625500C717DD /* SpringTextField.swift */ = {isa = PBXFileReference; fileEncoding = 4; lastKnownFileType = sourcecode.swift; path = SpringTextField.swift; sourceTree = "<group>"; };
		5D8EB9421B8D625500C717DD /* SpringTextView.swift */ = {isa = PBXFileReference; fileEncoding = 4; lastKnownFileType = sourcecode.swift; path = SpringTextView.swift; sourceTree = "<group>"; };
		5D8EB9431B8D625500C717DD /* SpringView.swift */ = {isa = PBXFileReference; fileEncoding = 4; lastKnownFileType = sourcecode.swift; path = SpringView.swift; sourceTree = "<group>"; };
		5D8EB9441B8D625500C717DD /* SwiftyJSON.swift */ = {isa = PBXFileReference; fileEncoding = 4; lastKnownFileType = sourcecode.swift; path = SwiftyJSON.swift; sourceTree = "<group>"; };
		5D8EB9451B8D625500C717DD /* TransitionManager.swift */ = {isa = PBXFileReference; fileEncoding = 4; lastKnownFileType = sourcecode.swift; path = TransitionManager.swift; sourceTree = "<group>"; };
		5D8EB9461B8D625500C717DD /* TransitionZoom.swift */ = {isa = PBXFileReference; fileEncoding = 4; lastKnownFileType = sourcecode.swift; path = TransitionZoom.swift; sourceTree = "<group>"; };
		5D8EB9471B8D625500C717DD /* UnwindSegue.swift */ = {isa = PBXFileReference; fileEncoding = 4; lastKnownFileType = sourcecode.swift; path = UnwindSegue.swift; sourceTree = "<group>"; };
		CA0F3F441BA1DFF40038E6BF /* FullImageViewController.swift */ = {isa = PBXFileReference; fileEncoding = 4; lastKnownFileType = sourcecode.swift; name = FullImageViewController.swift; path = PhotoModule/FullImageViewController.swift; sourceTree = "<group>"; };
		CA0F3F471BA1E4800038E6BF /* Login.storyboard */ = {isa = PBXFileReference; fileEncoding = 4; lastKnownFileType = file.storyboard; name = Login.storyboard; path = LoginModule/Login.storyboard; sourceTree = "<group>"; };
		CA0F3F491BA1F4090038E6BF /* LoginViewController.swift */ = {isa = PBXFileReference; fileEncoding = 4; lastKnownFileType = sourcecode.swift; name = LoginViewController.swift; path = LoginModule/LoginViewController.swift; sourceTree = "<group>"; };
		CA0F3F4D1BA2B5620038E6BF /* 15a.jpg */ = {isa = PBXFileReference; lastKnownFileType = image.jpeg; path = 15a.jpg; sourceTree = "<group>"; };
		CA0F3F4F1BA331710038E6BF /* add_green_52px.png */ = {isa = PBXFileReference; lastKnownFileType = image.png; path = add_green_52px.png; sourceTree = "<group>"; };
		CA0F3F501BA331710038E6BF /* back_green_52px.png */ = {isa = PBXFileReference; lastKnownFileType = image.png; path = back_green_52px.png; sourceTree = "<group>"; };
		CA0F3F511BA331710038E6BF /* chef_green_52px.png */ = {isa = PBXFileReference; lastKnownFileType = image.png; path = chef_green_52px.png; sourceTree = "<group>"; };
		CA0F3F551BA339210038E6BF /* Add to Menu.png */ = {isa = PBXFileReference; lastKnownFileType = image.png; path = "Add to Menu.png"; sourceTree = "<group>"; };
		CA0F3F591BA33D2D0038E6BF /* Dish.swift */ = {isa = PBXFileReference; fileEncoding = 4; lastKnownFileType = sourcecode.swift; name = Dish.swift; path = PhotoModule/Dish.swift; sourceTree = "<group>"; };
		CA5D06281B9BF418002D94FC /* Photo.storyboard */ = {isa = PBXFileReference; fileEncoding = 4; lastKnownFileType = file.storyboard; name = Photo.storyboard; path = PhotoModule/Photo.storyboard; sourceTree = "<group>"; };
		CA5D062C1B9BF480002D94FC /* Photo.swift */ = {isa = PBXFileReference; fileEncoding = 4; lastKnownFileType = sourcecode.swift; name = Photo.swift; path = PhotoModule/Photo.swift; sourceTree = "<group>"; };
		CA5D062E1B9BF4B5002D94FC /* PhotoViewController.swift */ = {isa = PBXFileReference; fileEncoding = 4; lastKnownFileType = sourcecode.swift; name = PhotoViewController.swift; path = PhotoModule/PhotoViewController.swift; sourceTree = "<group>"; };
		CA5D06301B9BF4E0002D94FC /* Photos.framework */ = {isa = PBXFileReference; lastKnownFileType = wrapper.framework; name = Photos.framework; path = System/Library/Frameworks/Photos.framework; sourceTree = SDKROOT; };
		CA5D06321B9BF531002D94FC /* PhotoCell.swift */ = {isa = PBXFileReference; fileEncoding = 4; lastKnownFileType = sourcecode.swift; name = PhotoCell.swift; path = PhotoModule/PhotoCell.swift; sourceTree = "<group>"; };
		CA5D06341B9BF562002D94FC /* AddPhotoCell.swift */ = {isa = PBXFileReference; fileEncoding = 4; lastKnownFileType = sourcecode.swift; name = AddPhotoCell.swift; path = PhotoModule/AddPhotoCell.swift; sourceTree = "<group>"; };
		CA7CE0DF1B9DF5100082742A /* add.png */ = {isa = PBXFileReference; lastKnownFileType = image.png; path = add.png; sourceTree = "<group>"; };
		CA7CE0E11B9DF61F0082742A /* FoodImage.jpg */ = {isa = PBXFileReference; lastKnownFileType = image.jpeg; path = FoodImage.jpg; sourceTree = "<group>"; };
/* End PBXFileReference section */

/* Begin PBXFrameworksBuildPhase section */
		5D3FC39A1B8125E4005CDE76 /* Frameworks */ = {
			isa = PBXFrameworksBuildPhase;
			buildActionMask = 2147483647;
			files = (
				CA5D06311B9BF4E0002D94FC /* Photos.framework in Frameworks */,
			);
			runOnlyForDeploymentPostprocessing = 0;
		};
		5D3FC3B21B8125E5005CDE76 /* Frameworks */ = {
			isa = PBXFrameworksBuildPhase;
			buildActionMask = 2147483647;
			files = (
			);
			runOnlyForDeploymentPostprocessing = 0;
		};
/* End PBXFrameworksBuildPhase section */

/* Begin PBXGroup section */
		5D3FC3941B8125E4005CDE76 = {
			isa = PBXGroup;
			children = (
				CA5D06301B9BF4E0002D94FC /* Photos.framework */,
				5D3FC39F1B8125E4005CDE76 /* Nummy_Bus */,
				5D3FC3B81B8125E5005CDE76 /* Nummy_BusTests */,
				5D3FC39E1B8125E4005CDE76 /* Products */,
			);
			sourceTree = "<group>";
		};
		5D3FC39E1B8125E4005CDE76 /* Products */ = {
			isa = PBXGroup;
			children = (
				5D3FC39D1B8125E4005CDE76 /* Nummy_Bus.app */,
				5D3FC3B51B8125E5005CDE76 /* Nummy_BusTests.xctest */,
			);
			name = Products;
			sourceTree = "<group>";
		};
		5D3FC39F1B8125E4005CDE76 /* Nummy_Bus */ = {
			isa = PBXGroup;
			children = (
				CA0F3F461BA1E4130038E6BF /* LoginModule */,
				CA5D06271B9BF391002D94FC /* PhotoModule */,
				5D8EB9281B8D625500C717DD /* Spring */,
				5D3FC3A21B8125E4005CDE76 /* AppDelegate.swift */,
				5D3FC3A71B8125E4005CDE76 /* ViewController.swift */,
				5D3FC3A91B8125E4005CDE76 /* Main.storyboard */,
				5D3FC3AC1B8125E4005CDE76 /* Images.xcassets */,
				5D3FC3AE1B8125E4005CDE76 /* LaunchScreen.xib */,
				5D3FC3A41B8125E4005CDE76 /* Nummy_Bus.xcdatamodeld */,
				5D3FC3A01B8125E4005CDE76 /* Supporting Files */,
			);
			path = Nummy_Bus;
			sourceTree = "<group>";
		};
		5D3FC3A01B8125E4005CDE76 /* Supporting Files */ = {
			isa = PBXGroup;
			children = (
				5D3FC3A11B8125E4005CDE76 /* Info.plist */,
			);
			name = "Supporting Files";
			sourceTree = "<group>";
		};
		5D3FC3B81B8125E5005CDE76 /* Nummy_BusTests */ = {
			isa = PBXGroup;
			children = (
				5D3FC3BB1B8125E5005CDE76 /* Nummy_BusTests.swift */,
				5D3FC3B91B8125E5005CDE76 /* Supporting Files */,
			);
			path = Nummy_BusTests;
			sourceTree = "<group>";
		};
		5D3FC3B91B8125E5005CDE76 /* Supporting Files */ = {
			isa = PBXGroup;
			children = (
				5D3FC3BA1B8125E5005CDE76 /* Info.plist */,
			);
			name = "Supporting Files";
			sourceTree = "<group>";
		};
		5D8EB9281B8D625500C717DD /* Spring */ = {
			isa = PBXGroup;
			children = (
				5D8EB9291B8D625500C717DD /* AsyncButton.swift */,
				5D8EB92A1B8D625500C717DD /* AsyncImageView.swift */,
				5D8EB92B1B8D625500C717DD /* AutoTextView.swift */,
				5D8EB92C1B8D625500C717DD /* BlurView.swift */,
				5D8EB92D1B8D625500C717DD /* DesignableButton.swift */,
				5D8EB92E1B8D625500C717DD /* DesignableImageView.swift */,
				5D8EB92F1B8D625500C717DD /* DesignableLabel.swift */,
				5D8EB9301B8D625500C717DD /* DesignableTabBarController.swift */,
				5D8EB9311B8D625500C717DD /* DesignableTextField.swift */,
				5D8EB9321B8D625500C717DD /* DesignableTextView.swift */,
				5D8EB9331B8D625500C717DD /* DesignableView.swift */,
				5D8EB9341B8D625500C717DD /* ImageLoader.swift */,
				5D8EB9351B8D625500C717DD /* Info.plist */,
				5D8EB9361B8D625500C717DD /* KeyboardLayoutConstraint.swift */,
				5D8EB9371B8D625500C717DD /* LoadingView.swift */,
				5D8EB9381B8D625500C717DD /* LoadingView.xib */,
				5D8EB9391B8D625500C717DD /* Misc.swift */,
				5D8EB93A1B8D625500C717DD /* SoundPlayer.swift */,
				5D8EB93B1B8D625500C717DD /* Spring.h */,
				5D8EB93C1B8D625500C717DD /* Spring.swift */,
				5D8EB93D1B8D625500C717DD /* SpringAnimation.swift */,
				5D8EB93E1B8D625500C717DD /* SpringButton.swift */,
				5D8EB93F1B8D625500C717DD /* SpringImageView.swift */,
				5D8EB9401B8D625500C717DD /* SpringLabel.swift */,
				5D8EB9411B8D625500C717DD /* SpringTextField.swift */,
				5D8EB9421B8D625500C717DD /* SpringTextView.swift */,
				5D8EB9431B8D625500C717DD /* SpringView.swift */,
				5D8EB9441B8D625500C717DD /* SwiftyJSON.swift */,
				5D8EB9451B8D625500C717DD /* TransitionManager.swift */,
				5D8EB9461B8D625500C717DD /* TransitionZoom.swift */,
				5D8EB9471B8D625500C717DD /* UnwindSegue.swift */,
			);
			path = Spring;
			sourceTree = "<group>";
		};
		CA0F3F461BA1E4130038E6BF /* LoginModule */ = {
			isa = PBXGroup;
			children = (
				CA0F3F471BA1E4800038E6BF /* Login.storyboard */,
				CA0F3F491BA1F4090038E6BF /* LoginViewController.swift */,
			);
			name = LoginModule;
			sourceTree = "<group>";
		};
		CA5D06271B9BF391002D94FC /* PhotoModule */ = {
			isa = PBXGroup;
			children = (
				CA7CE0DE1B9DF4EB0082742A /* TestImages */,
				CA5D062C1B9BF480002D94FC /* Photo.swift */,
				CA0F3F591BA33D2D0038E6BF /* Dish.swift */,
				CA5D06281B9BF418002D94FC /* Photo.storyboard */,
				CA0F3F441BA1DFF40038E6BF /* FullImageViewController.swift */,
				CA5D062E1B9BF4B5002D94FC /* PhotoViewController.swift */,
				CA5D06321B9BF531002D94FC /* PhotoCell.swift */,
				CA5D06341B9BF562002D94FC /* AddPhotoCell.swift */,
			);
			name = PhotoModule;
			sourceTree = "<group>";
		};
		CA7CE0DE1B9DF4EB0082742A /* TestImages */ = {
			isa = PBXGroup;
			children = (
				CA0F3F551BA339210038E6BF /* Add to Menu.png */,
				CA0F3F4F1BA331710038E6BF /* add_green_52px.png */,
				CA0F3F501BA331710038E6BF /* back_green_52px.png */,
				CA0F3F511BA331710038E6BF /* chef_green_52px.png */,
				CA0F3F4D1BA2B5620038E6BF /* 15a.jpg */,
				CA7CE0E11B9DF61F0082742A /* FoodImage.jpg */,
				CA7CE0DF1B9DF5100082742A /* add.png */,
			);
			name = TestImages;
			sourceTree = "<group>";
		};
/* End PBXGroup section */

/* Begin PBXNativeTarget section */
		5D3FC39C1B8125E4005CDE76 /* Nummy_Bus */ = {
			isa = PBXNativeTarget;
			buildConfigurationList = 5D3FC3BF1B8125E5005CDE76 /* Build configuration list for PBXNativeTarget "Nummy_Bus" */;
			buildPhases = (
				5D3FC3991B8125E4005CDE76 /* Sources */,
				5D3FC39A1B8125E4005CDE76 /* Frameworks */,
				5D3FC39B1B8125E4005CDE76 /* Resources */,
			);
			buildRules = (
			);
			dependencies = (
			);
			name = Nummy_Bus;
			productName = Nummy_Bus;
			productReference = 5D3FC39D1B8125E4005CDE76 /* Nummy_Bus.app */;
			productType = "com.apple.product-type.application";
		};
		5D3FC3B41B8125E5005CDE76 /* Nummy_BusTests */ = {
			isa = PBXNativeTarget;
			buildConfigurationList = 5D3FC3C21B8125E5005CDE76 /* Build configuration list for PBXNativeTarget "Nummy_BusTests" */;
			buildPhases = (
				5D3FC3B11B8125E5005CDE76 /* Sources */,
				5D3FC3B21B8125E5005CDE76 /* Frameworks */,
				5D3FC3B31B8125E5005CDE76 /* Resources */,
			);
			buildRules = (
			);
			dependencies = (
				5D3FC3B71B8125E5005CDE76 /* PBXTargetDependency */,
			);
			name = Nummy_BusTests;
			productName = Nummy_BusTests;
			productReference = 5D3FC3B51B8125E5005CDE76 /* Nummy_BusTests.xctest */;
			productType = "com.apple.product-type.bundle.unit-test";
		};
/* End PBXNativeTarget section */

/* Begin PBXProject section */
		5D3FC3951B8125E4005CDE76 /* Project object */ = {
			isa = PBXProject;
			attributes = {
				LastUpgradeCheck = 0640;
				ORGANIZATIONNAME = "Cheng Sun";
				TargetAttributes = {
					5D3FC39C1B8125E4005CDE76 = {
						CreatedOnToolsVersion = 6.4;
					};
					5D3FC3B41B8125E5005CDE76 = {
						CreatedOnToolsVersion = 6.4;
						TestTargetID = 5D3FC39C1B8125E4005CDE76;
					};
				};
			};
			buildConfigurationList = 5D3FC3981B8125E4005CDE76 /* Build configuration list for PBXProject "Nummy_Bus" */;
			compatibilityVersion = "Xcode 3.2";
			developmentRegion = English;
			hasScannedForEncodings = 0;
			knownRegions = (
				en,
				Base,
			);
			mainGroup = 5D3FC3941B8125E4005CDE76;
			productRefGroup = 5D3FC39E1B8125E4005CDE76 /* Products */;
			projectDirPath = "";
			projectRoot = "";
			targets = (
				5D3FC39C1B8125E4005CDE76 /* Nummy_Bus */,
				5D3FC3B41B8125E5005CDE76 /* Nummy_BusTests */,
			);
		};
/* End PBXProject section */

/* Begin PBXResourcesBuildPhase section */
		5D3FC39B1B8125E4005CDE76 /* Resources */ = {
			isa = PBXResourcesBuildPhase;
			buildActionMask = 2147483647;
			files = (
				CA7CE0E01B9DF5100082742A /* add.png in Resources */,
				5D8EB9541B8D625500C717DD /* Info.plist in Resources */,
				5D3FC3AB1B8125E4005CDE76 /* Main.storyboard in Resources */,
				5D3FC3B01B8125E4005CDE76 /* LaunchScreen.xib in Resources */,
				5D3FC3AD1B8125E4005CDE76 /* Images.xcassets in Resources */,
				5D8EB9571B8D625500C717DD /* LoadingView.xib in Resources */,
				CA5D06291B9BF418002D94FC /* Photo.storyboard in Resources */,
				CA0F3F4E1BA2B5620038E6BF /* 15a.jpg in Resources */,
				CA0F3F541BA331710038E6BF /* chef_green_52px.png in Resources */,
				CA7CE0E21B9DF61F0082742A /* FoodImage.jpg in Resources */,
				CA0F3F531BA331710038E6BF /* back_green_52px.png in Resources */,
				CA0F3F561BA339210038E6BF /* Add to Menu.png in Resources */,
				CA0F3F521BA331710038E6BF /* add_green_52px.png in Resources */,
				CA0F3F481BA1E4800038E6BF /* Login.storyboard in Resources */,
			);
			runOnlyForDeploymentPostprocessing = 0;
		};
		5D3FC3B31B8125E5005CDE76 /* Resources */ = {
			isa = PBXResourcesBuildPhase;
			buildActionMask = 2147483647;
			files = (
			);
			runOnlyForDeploymentPostprocessing = 0;
		};
/* End PBXResourcesBuildPhase section */

/* Begin PBXSourcesBuildPhase section */
		5D3FC3991B8125E4005CDE76 /* Sources */ = {
			isa = PBXSourcesBuildPhase;
			buildActionMask = 2147483647;
			files = (
				5D8EB94E1B8D625500C717DD /* DesignableLabel.swift in Sources */,
				5D8EB95D1B8D625500C717DD /* SpringImageView.swift in Sources */,
				5D8EB94A1B8D625500C717DD /* AutoTextView.swift in Sources */,
				5D8EB9531B8D625500C717DD /* ImageLoader.swift in Sources */,
				5D8EB9581B8D625500C717DD /* Misc.swift in Sources */,
				5D8EB94B1B8D625500C717DD /* BlurView.swift in Sources */,
				5D8EB9651B8D625500C717DD /* UnwindSegue.swift in Sources */,
				5D8EB9561B8D625500C717DD /* LoadingView.swift in Sources */,
				5D8EB95F1B8D625500C717DD /* SpringTextField.swift in Sources */,
				5D8EB95A1B8D625500C717DD /* Spring.swift in Sources */,
				5D3FC3A81B8125E4005CDE76 /* ViewController.swift in Sources */,
				5D8EB9591B8D625500C717DD /* SoundPlayer.swift in Sources */,
				5D8EB9521B8D625500C717DD /* DesignableView.swift in Sources */,
				5D8EB94F1B8D625500C717DD /* DesignableTabBarController.swift in Sources */,
				5D8EB94C1B8D625500C717DD /* DesignableButton.swift in Sources */,
				5D3FC3A31B8125E4005CDE76 /* AppDelegate.swift in Sources */,
				CA5D06351B9BF562002D94FC /* AddPhotoCell.swift in Sources */,
				CA5D062D1B9BF480002D94FC /* Photo.swift in Sources */,
				5D8EB9501B8D625500C717DD /* DesignableTextField.swift in Sources */,
				5D8EB95E1B8D625500C717DD /* SpringLabel.swift in Sources */,
				5D8EB9481B8D625500C717DD /* AsyncButton.swift in Sources */,
				5D8EB9491B8D625500C717DD /* AsyncImageView.swift in Sources */,
				5D8EB9621B8D625500C717DD /* SwiftyJSON.swift in Sources */,
				CA5D06331B9BF531002D94FC /* PhotoCell.swift in Sources */,
				CA0F3F4A1BA1F4090038E6BF /* LoginViewController.swift in Sources */,
				5D8EB9511B8D625500C717DD /* DesignableTextView.swift in Sources */,
				5D8EB9641B8D625500C717DD /* TransitionZoom.swift in Sources */,
				5D8EB9611B8D625500C717DD /* SpringView.swift in Sources */,
				5D8EB9601B8D625500C717DD /* SpringTextView.swift in Sources */,
				CA0F3F5A1BA33D2D0038E6BF /* Dish.swift in Sources */,
				5D8EB9551B8D625500C717DD /* KeyboardLayoutConstraint.swift in Sources */,
				CA0F3F451BA1DFF40038E6BF /* FullImageViewController.swift in Sources */,
				5D8EB95C1B8D625500C717DD /* SpringButton.swift in Sources */,
				5D8EB9631B8D625500C717DD /* TransitionManager.swift in Sources */,
				5D8EB95B1B8D625500C717DD /* SpringAnimation.swift in Sources */,
				5D8EB94D1B8D625500C717DD /* DesignableImageView.swift in Sources */,
				5D3FC3A61B8125E4005CDE76 /* Nummy_Bus.xcdatamodeld in Sources */,
				CA5D062F1B9BF4B5002D94FC /* PhotoViewController.swift in Sources */,
			);
			runOnlyForDeploymentPostprocessing = 0;
		};
		5D3FC3B11B8125E5005CDE76 /* Sources */ = {
			isa = PBXSourcesBuildPhase;
			buildActionMask = 2147483647;
			files = (
				5D3FC3BC1B8125E5005CDE76 /* Nummy_BusTests.swift in Sources */,
			);
			runOnlyForDeploymentPostprocessing = 0;
		};
/* End PBXSourcesBuildPhase section */

/* Begin PBXTargetDependency section */
		5D3FC3B71B8125E5005CDE76 /* PBXTargetDependency */ = {
			isa = PBXTargetDependency;
			target = 5D3FC39C1B8125E4005CDE76 /* Nummy_Bus */;
			targetProxy = 5D3FC3B61B8125E5005CDE76 /* PBXContainerItemProxy */;
		};
/* End PBXTargetDependency section */

/* Begin PBXVariantGroup section */
		5D3FC3A91B8125E4005CDE76 /* Main.storyboard */ = {
			isa = PBXVariantGroup;
			children = (
				5D3FC3AA1B8125E4005CDE76 /* Base */,
			);
			name = Main.storyboard;
			sourceTree = "<group>";
		};
		5D3FC3AE1B8125E4005CDE76 /* LaunchScreen.xib */ = {
			isa = PBXVariantGroup;
			children = (
				5D3FC3AF1B8125E4005CDE76 /* Base */,
			);
			name = LaunchScreen.xib;
			sourceTree = "<group>";
		};
/* End PBXVariantGroup section */

/* Begin XCBuildConfiguration section */
		5D3FC3BD1B8125E5005CDE76 /* Debug */ = {
			isa = XCBuildConfiguration;
			buildSettings = {
				ALWAYS_SEARCH_USER_PATHS = NO;
				CLANG_CXX_LANGUAGE_STANDARD = "gnu++0x";
				CLANG_CXX_LIBRARY = "libc++";
				CLANG_ENABLE_MODULES = YES;
				CLANG_ENABLE_OBJC_ARC = YES;
				CLANG_WARN_BOOL_CONVERSION = YES;
				CLANG_WARN_CONSTANT_CONVERSION = YES;
				CLANG_WARN_DIRECT_OBJC_ISA_USAGE = YES_ERROR;
				CLANG_WARN_EMPTY_BODY = YES;
				CLANG_WARN_ENUM_CONVERSION = YES;
				CLANG_WARN_INT_CONVERSION = YES;
				CLANG_WARN_OBJC_ROOT_CLASS = YES_ERROR;
				CLANG_WARN_UNREACHABLE_CODE = YES;
				CLANG_WARN__DUPLICATE_METHOD_MATCH = YES;
				"CODE_SIGN_IDENTITY[sdk=iphoneos*]" = "iPhone Developer";
				COPY_PHASE_STRIP = NO;
				DEBUG_INFORMATION_FORMAT = "dwarf-with-dsym";
				ENABLE_STRICT_OBJC_MSGSEND = YES;
				GCC_C_LANGUAGE_STANDARD = gnu99;
				GCC_DYNAMIC_NO_PIC = NO;
				GCC_NO_COMMON_BLOCKS = YES;
				GCC_OPTIMIZATION_LEVEL = 0;
				GCC_PREPROCESSOR_DEFINITIONS = (
					"DEBUG=1",
					"$(inherited)",
				);
				GCC_SYMBOLS_PRIVATE_EXTERN = NO;
				GCC_WARN_64_TO_32_BIT_CONVERSION = YES;
				GCC_WARN_ABOUT_RETURN_TYPE = YES_ERROR;
				GCC_WARN_UNDECLARED_SELECTOR = YES;
				GCC_WARN_UNINITIALIZED_AUTOS = YES_AGGRESSIVE;
				GCC_WARN_UNUSED_FUNCTION = YES;
				GCC_WARN_UNUSED_VARIABLE = YES;
				IPHONEOS_DEPLOYMENT_TARGET = 8.4;
				MTL_ENABLE_DEBUG_INFO = YES;
				ONLY_ACTIVE_ARCH = YES;
				SDKROOT = iphoneos;
				SWIFT_OPTIMIZATION_LEVEL = "-Onone";
			};
			name = Debug;
		};
		5D3FC3BE1B8125E5005CDE76 /* Release */ = {
			isa = XCBuildConfiguration;
			buildSettings = {
				ALWAYS_SEARCH_USER_PATHS = NO;
				CLANG_CXX_LANGUAGE_STANDARD = "gnu++0x";
				CLANG_CXX_LIBRARY = "libc++";
				CLANG_ENABLE_MODULES = YES;
				CLANG_ENABLE_OBJC_ARC = YES;
				CLANG_WARN_BOOL_CONVERSION = YES;
				CLANG_WARN_CONSTANT_CONVERSION = YES;
				CLANG_WARN_DIRECT_OBJC_ISA_USAGE = YES_ERROR;
				CLANG_WARN_EMPTY_BODY = YES;
				CLANG_WARN_ENUM_CONVERSION = YES;
				CLANG_WARN_INT_CONVERSION = YES;
				CLANG_WARN_OBJC_ROOT_CLASS = YES_ERROR;
				CLANG_WARN_UNREACHABLE_CODE = YES;
				CLANG_WARN__DUPLICATE_METHOD_MATCH = YES;
				"CODE_SIGN_IDENTITY[sdk=iphoneos*]" = "iPhone Developer";
				COPY_PHASE_STRIP = NO;
				DEBUG_INFORMATION_FORMAT = "dwarf-with-dsym";
				ENABLE_NS_ASSERTIONS = NO;
				ENABLE_STRICT_OBJC_MSGSEND = YES;
				GCC_C_LANGUAGE_STANDARD = gnu99;
				GCC_NO_COMMON_BLOCKS = YES;
				GCC_WARN_64_TO_32_BIT_CONVERSION = YES;
				GCC_WARN_ABOUT_RETURN_TYPE = YES_ERROR;
				GCC_WARN_UNDECLARED_SELECTOR = YES;
				GCC_WARN_UNINITIALIZED_AUTOS = YES_AGGRESSIVE;
				GCC_WARN_UNUSED_FUNCTION = YES;
				GCC_WARN_UNUSED_VARIABLE = YES;
				IPHONEOS_DEPLOYMENT_TARGET = 8.4;
				MTL_ENABLE_DEBUG_INFO = NO;
				SDKROOT = iphoneos;
				VALIDATE_PRODUCT = YES;
			};
			name = Release;
		};
		5D3FC3C01B8125E5005CDE76 /* Debug */ = {
			isa = XCBuildConfiguration;
			buildSettings = {
				ASSETCATALOG_COMPILER_APPICON_NAME = AppIcon;
				INFOPLIST_FILE = Nummy_Bus/Info.plist;
				LD_RUNPATH_SEARCH_PATHS = "$(inherited) @executable_path/Frameworks";
				PRODUCT_NAME = "$(TARGET_NAME)";
			};
			name = Debug;
		};
		5D3FC3C11B8125E5005CDE76 /* Release */ = {
			isa = XCBuildConfiguration;
			buildSettings = {
				ASSETCATALOG_COMPILER_APPICON_NAME = AppIcon;
				INFOPLIST_FILE = Nummy_Bus/Info.plist;
				LD_RUNPATH_SEARCH_PATHS = "$(inherited) @executable_path/Frameworks";
				PRODUCT_NAME = "$(TARGET_NAME)";
			};
			name = Release;
		};
		5D3FC3C31B8125E5005CDE76 /* Debug */ = {
			isa = XCBuildConfiguration;
			buildSettings = {
				BUNDLE_LOADER = "$(TEST_HOST)";
				FRAMEWORK_SEARCH_PATHS = (
					"$(SDKROOT)/Developer/Library/Frameworks",
					"$(inherited)",
				);
				GCC_PREPROCESSOR_DEFINITIONS = (
					"DEBUG=1",
					"$(inherited)",
				);
				INFOPLIST_FILE = Nummy_BusTests/Info.plist;
				LD_RUNPATH_SEARCH_PATHS = "$(inherited) @executable_path/Frameworks @loader_path/Frameworks";
				PRODUCT_NAME = "$(TARGET_NAME)";
				TEST_HOST = "$(BUILT_PRODUCTS_DIR)/Nummy_Bus.app/Nummy_Bus";
			};
			name = Debug;
		};
		5D3FC3C41B8125E5005CDE76 /* Release */ = {
			isa = XCBuildConfiguration;
			buildSettings = {
				BUNDLE_LOADER = "$(TEST_HOST)";
				FRAMEWORK_SEARCH_PATHS = (
					"$(SDKROOT)/Developer/Library/Frameworks",
					"$(inherited)",
				);
				INFOPLIST_FILE = Nummy_BusTests/Info.plist;
				LD_RUNPATH_SEARCH_PATHS = "$(inherited) @executable_path/Frameworks @loader_path/Frameworks";
				PRODUCT_NAME = "$(TARGET_NAME)";
				TEST_HOST = "$(BUILT_PRODUCTS_DIR)/Nummy_Bus.app/Nummy_Bus";
			};
			name = Release;
		};
/* End XCBuildConfiguration section */

/* Begin XCConfigurationList section */
		5D3FC3981B8125E4005CDE76 /* Build configuration list for PBXProject "Nummy_Bus" */ = {
			isa = XCConfigurationList;
			buildConfigurations = (
				5D3FC3BD1B8125E5005CDE76 /* Debug */,
				5D3FC3BE1B8125E5005CDE76 /* Release */,
			);
			defaultConfigurationIsVisible = 0;
			defaultConfigurationName = Release;
		};
		5D3FC3BF1B8125E5005CDE76 /* Build configuration list for PBXNativeTarget "Nummy_Bus" */ = {
			isa = XCConfigurationList;
			buildConfigurations = (
				5D3FC3C01B8125E5005CDE76 /* Debug */,
				5D3FC3C11B8125E5005CDE76 /* Release */,
			);
			defaultConfigurationIsVisible = 0;
			defaultConfigurationName = Release;
		};
		5D3FC3C21B8125E5005CDE76 /* Build configuration list for PBXNativeTarget "Nummy_BusTests" */ = {
			isa = XCConfigurationList;
			buildConfigurations = (
				5D3FC3C31B8125E5005CDE76 /* Debug */,
				5D3FC3C41B8125E5005CDE76 /* Release */,
			);
			defaultConfigurationIsVisible = 0;
			defaultConfigurationName = Release;
		};
/* End XCConfigurationList section */

/* Begin XCVersionGroup section */
		5D3FC3A41B8125E4005CDE76 /* Nummy_Bus.xcdatamodeld */ = {
			isa = XCVersionGroup;
			children = (
				5D3FC3A51B8125E4005CDE76 /* Nummy_Bus.xcdatamodel */,
			);
			currentVersion = 5D3FC3A51B8125E4005CDE76 /* Nummy_Bus.xcdatamodel */;
			path = Nummy_Bus.xcdatamodeld;
			sourceTree = "<group>";
			versionGroupType = wrapper.xcdatamodel;
		};
/* End XCVersionGroup section */
	};
	rootObject = 5D3FC3951B8125E4005CDE76 /* Project object */;
}
